hash: f79370dbe76dacfb514c182fc51142c8d6c504f2682eee012a70255af2239729
updated: 2018-10-07T17:30:15.022227+02:00
imports:
- name: github.com/go-redis/redis
  version: f3bba01df2026fc865f7782948845db9cf44cf23
  subpackages:
  - internal
  - internal/consistenthash
  - internal/hashtag
  - internal/pool
  - internal/proto
  - internal/singleflight
  - internal/util
- name: github.com/gorilla/context
  version: 08b5f424b9271eedf6f9f0ce86cb9396ed337a42
- name: github.com/gorilla/mux
  version: e3702bed27f0d39777b0b37b664b6280e8ef8fbf
- name: github.com/gorilla/websocket
  version: 66b9c49e59c6c48f0ffce28c2d8b8a5678502c6d
- name: github.com/konsorten/go-windows-terminal-sequences
  version: 5c8c8bd35d3832f5d134ae1e1e375b69a4d25242
- name: github.com/Sirupsen/logrus
  version: a67f783a3814b8729bd2dac5780b5f78f8dbd64d
- name: github.com/streadway/amqp
  version: 70e15c650864f4fc47f5d3c82ea117285480895d
- name: golang.org/x/crypto
  version: e3636079e1a4c1f337f212cc5cd2aca108f6c900
  subpackages:
  - ssh/terminal
- name: golang.org/x/sys
  version: 4497e2df6f9e69048a54498c7affbbec3294ad47
  subpackages:
  - unix
  - windows
- name: gopkg.in/yaml.v2
  version: 5420a8b6744d3b0345ab293f6fcba19c978f1183
testImports: []
